
Microsoft Visual Studio Solution File, Format Version 10.00
# Visual C# Express 2008
Project("{FAE04EC0-301F-11D3-BF4B-00C04F79EFBC}") = "TFMS_Server", "TFMS_Server\TFMS_Server.csproj", "{34C34DEF-E26C-4EF8-8D1A-6D26A0EE3591}"
EndProject
Global
	GlobalSection(SolutionConfigurationPlatforms) = preSolution
		Debug|Any CPU = Debug|Any CPU
		Release|Any CPU = Release|Any CPU
	EndGlobalSection
	GlobalSection(ProjectConfigurationPlatforms) = postSolution
		{34C34DEF-E26C-4EF8-8D1A-6D26A0EE3591}.Debug|Any CPU.ActiveCfg = Debug|Any CPU
		{34C34DEF-E26C-4EF8-8D1A-6D26A0EE3591}.Debug|Any CPU.Build.0 = Debug|Any CPU
		{34C34DEF-E26C-4EF8-8D1A-6D26A0EE3591}.Release|Any CPU.ActiveCfg = Release|Any CPU
		{34C34DEF-E26C-4EF8-8D1A-6D26A0EE3591}.Release|Any CPU.Build.0 = Release|Any CPU
	EndGlobalSection
	GlobalSection(SolutionProperties) = preSolution
		HideSolutionNode = FALSE
	EndGlobalSection
EndGlobal
