
Microsoft Visual Studio Solution File, Format Version 10.00
# Visual Studio 2008
Project("{FAE04EC0-301F-11D3-BF4B-00C04F79EFBC}") = "TFMSServer", "TFMSServer\TFMSServer.csproj", "{66D2F4D8-554A-4F4E-8B42-B4FB018B5E1C}"
EndProject
Project("{FAE04EC0-301F-11D3-BF4B-00C04F79EFBC}") = "Console Server", "Console Server\Console Server.csproj", "{AA1E5227-7E60-4C86-A95A-E4A9AA2EA493}"
EndProject
Project("{FAE04EC0-301F-11D3-BF4B-00C04F79EFBC}") = "simpleChatRoom", "simpleChatRoom\simpleChatRoom.csproj", "{A2AEC98F-7513-43F6-BEAF-82563EA4230C}"
EndProject
Project("{FAE04EC0-301F-11D3-BF4B-00C04F79EFBC}") = "ComplexChatRoo", "ComplexChatRoo\ComplexChatRoo.csproj", "{FE96EF8F-851E-4EF0-9A0F-CA56E9483AC3}"
EndProject
Project("{FAE04EC0-301F-11D3-BF4B-00C04F79EFBC}") = "DrawingBox", "..\DrawingBox\DrawingBox\DrawingBox.csproj", "{DCCA24BB-51D4-485B-B429-7B2CA8421341}"
EndProject
Global
	GlobalSection(SubversionScc) = preSolution
		Svn-Managed = True
		Manager = AnkhSVN - Subversion Support for Visual Studio
	EndGlobalSection
	GlobalSection(SolutionConfigurationPlatforms) = preSolution
		Debug|Any CPU = Debug|Any CPU
		Release|Any CPU = Release|Any CPU
	EndGlobalSection
	GlobalSection(ProjectConfigurationPlatforms) = postSolution
		{66D2F4D8-554A-4F4E-8B42-B4FB018B5E1C}.Debug|Any CPU.ActiveCfg = Debug|Any CPU
		{66D2F4D8-554A-4F4E-8B42-B4FB018B5E1C}.Debug|Any CPU.Build.0 = Debug|Any CPU
		{66D2F4D8-554A-4F4E-8B42-B4FB018B5E1C}.Release|Any CPU.ActiveCfg = Release|Any CPU
		{66D2F4D8-554A-4F4E-8B42-B4FB018B5E1C}.Release|Any CPU.Build.0 = Release|Any CPU
		{AA1E5227-7E60-4C86-A95A-E4A9AA2EA493}.Debug|Any CPU.ActiveCfg = Debug|Any CPU
		{AA1E5227-7E60-4C86-A95A-E4A9AA2EA493}.Debug|Any CPU.Build.0 = Debug|Any CPU
		{AA1E5227-7E60-4C86-A95A-E4A9AA2EA493}.Release|Any CPU.ActiveCfg = Release|Any CPU
		{AA1E5227-7E60-4C86-A95A-E4A9AA2EA493}.Release|Any CPU.Build.0 = Release|Any CPU
		{A2AEC98F-7513-43F6-BEAF-82563EA4230C}.Debug|Any CPU.ActiveCfg = Debug|Any CPU
		{A2AEC98F-7513-43F6-BEAF-82563EA4230C}.Debug|Any CPU.Build.0 = Debug|Any CPU
		{A2AEC98F-7513-43F6-BEAF-82563EA4230C}.Release|Any CPU.ActiveCfg = Release|Any CPU
		{A2AEC98F-7513-43F6-BEAF-82563EA4230C}.Release|Any CPU.Build.0 = Release|Any CPU
		{FE96EF8F-851E-4EF0-9A0F-CA56E9483AC3}.Debug|Any CPU.ActiveCfg = Debug|Any CPU
		{FE96EF8F-851E-4EF0-9A0F-CA56E9483AC3}.Debug|Any CPU.Build.0 = Debug|Any CPU
		{FE96EF8F-851E-4EF0-9A0F-CA56E9483AC3}.Release|Any CPU.ActiveCfg = Release|Any CPU
		{FE96EF8F-851E-4EF0-9A0F-CA56E9483AC3}.Release|Any CPU.Build.0 = Release|Any CPU
		{DCCA24BB-51D4-485B-B429-7B2CA8421341}.Debug|Any CPU.ActiveCfg = Debug|Any CPU
		{DCCA24BB-51D4-485B-B429-7B2CA8421341}.Debug|Any CPU.Build.0 = Debug|Any CPU
		{DCCA24BB-51D4-485B-B429-7B2CA8421341}.Release|Any CPU.ActiveCfg = Release|Any CPU
		{DCCA24BB-51D4-485B-B429-7B2CA8421341}.Release|Any CPU.Build.0 = Release|Any CPU
	EndGlobalSection
	GlobalSection(SolutionProperties) = preSolution
		HideSolutionNode = FALSE
	EndGlobalSection
EndGlobal
